
Microsoft Visual Studio Solution File, Format Version 12.00
# Visual Studio 15
VisualStudioVersion = 15.0.27004.2008
MinimumVisualStudioVersion = 10.0.40219.1
Project("{FAE04EC0-301F-11D3-BF4B-00C04F79EFBC}") = "DealerCatalogGenerator", "DealerCatalogGenerator\DealerCatalogGenerator.csproj", "{AF502723-F751-47F2-8046-D9647C5F8C7C}"
EndProject
Global
	GlobalSection(SolutionConfigurationPlatforms) = preSolution
		Debug|Any CPU = Debug|Any CPU
		Release|Any CPU = Release|Any CPU
	EndGlobalSection
	GlobalSection(ProjectConfigurationPlatforms) = postSolution
		{AF502723-F751-47F2-8046-D9647C5F8C7C}.Debug|Any CPU.ActiveCfg = Debug|Any CPU
		{AF502723-F751-47F2-8046-D9647C5F8C7C}.Debug|Any CPU.Build.0 = Debug|Any CPU
		{AF502723-F751-47F2-8046-D9647C5F8C7C}.Release|Any CPU.ActiveCfg = Release|Any CPU
		{AF502723-F751-47F2-8046-D9647C5F8C7C}.Release|Any CPU.Build.0 = Release|Any CPU
	EndGlobalSection
	GlobalSection(SolutionProperties) = preSolution
		HideSolutionNode = FALSE
	EndGlobalSection
	GlobalSection(ExtensibilityGlobals) = postSolution
		SolutionGuid = {F4A918E2-4BC4-4B6C-A026-2F65F3AB1A31}
	EndGlobalSection
EndGlobal
